{
  "nodes": {
    "nixpkgs": {
      "locked": {
        "lastModified": 1788316716,
        "narHash": "sha256-bc7rSpXIdn9QWGNqfWcPZWOhEVF8NoeAZkWq0XWnf/k=",
        "owner": "NixOS",
        "repo": "nixpkgs",
        "rev": "3ed67ec0a4d3c7ab4ae1f04f8ee8df07bfa506a2",
        "type": "github"
      },
      "original": {
        "owner": "NixOS",
        "repo": "nixpkgs",
        "rev": "3ed67ec0a4d3c7ab4ae1f04f8ee8df07bfa506a2",
        "type": "github"
      }
    },
    "pi": {
      "flake": false,
      "locked": {
        "lastModified": 1791228169,
        "narHash": "sha256-twDmQRr7vsrYzhS8o3TrlqdBzRFCbOOn/4hbCXD/u3Q=",
        "owner": "earendil-works",
        "repo": "pi",
        "rev": "7c10bd4337495ee613f2224843ecdf349b80d1df",
        "type": "github"
      },
      "original": {
        "owner": "earendil-works",
        "ref": "v1.0.4",
        "repo": "pi",
        "type": "github"
      }
    },
    "root": {
      "inputs": {
        "nixpkgs": "nixpkgs",
        "pi": "pi"
      }
    }
  },
  "root": "root",
  "version": 7
}
